
Microsoft Visual Studio Solution File, Format Version 12.00
# Visual Studio Express 2012 for Windows Desktop
Project("{FAE04EC0-301F-11D3-BF4B-00C04F79EFBC}") = "TurtleGraphics", "TurtleGraphics\TurtleGraphics.csproj", "{6F45C3CA-BE5F-45A3-852D-9B3F24347631}"
EndProject
Global
	GlobalSection(SolutionConfigurationPlatforms) = preSolution
		Debug|Any CPU = Debug|Any CPU
		Release|Any CPU = Release|Any CPU
	EndGlobalSection
	GlobalSection(ProjectConfigurationPlatforms) = postSolution
		{6F45C3CA-BE5F-45A3-852D-9B3F24347631}.Debug|Any CPU.ActiveCfg = Debug|Any CPU
		{6F45C3CA-BE5F-45A3-852D-9B3F24347631}.Debug|Any CPU.Build.0 = Debug|Any CPU
		{6F45C3CA-BE5F-45A3-852D-9B3F24347631}.Release|Any CPU.ActiveCfg = Release|Any CPU
		{6F45C3CA-BE5F-45A3-852D-9B3F24347631}.Release|Any CPU.Build.0 = Release|Any CPU
	EndGlobalSection
	GlobalSection(SolutionProperties) = preSolution
		HideSolutionNode = FALSE
	EndGlobalSection
EndGlobal
